
Microsoft Visual Studio Solution File, Format Version 12.00
# Visual Studio 2013
VisualStudioVersion = 12.0.31101.0
MinimumVisualStudioVersion = 10.0.40219.1
Project("{FAE04EC0-301F-11D3-BF4B-00C04F79EFBC}") = "Venom.Lib", "Venom.Lib\Venom.Lib.csproj", "{A0FCD047-7F5D-46FC-8B0D-F0FC782BEE7B}"
EndProject
Project("{FAE04EC0-301F-11D3-BF4B-00C04F79EFBC}") = "Venom.Web", "Venom.Lib.Web\Venom.Web.csproj", "{596C1645-A578-40D7-A354-921FC091D1DD}"
EndProject
Project("{FAE04EC0-301F-11D3-BF4B-00C04F79EFBC}") = "Venom.Lego", "Venom.Lego\Venom.Lego.csproj", "{4821066B-554E-4D7A-9350-7AC986CFC0BA}"
EndProject
Global
	GlobalSection(TeamFoundationVersionControl) = preSolution
		SccNumberOfProjects = 4
		SccEnterpriseProvider = {4CA58AB2-18FA-4F8D-95D4-32DDF27D184C}
		SccTeamFoundationServer = https://edneysilva.visualstudio.com/defaultcollection
		SccLocalPath0 = .
		SccProjectUniqueName1 = Venom.Lib.Web\\Venom.Web.csproj
		SccProjectName1 = Venom.Lib.Web
		SccLocalPath1 = Venom.Lib.Web
		SccProjectUniqueName2 = Venom.Lib\\Venom.Lib.csproj
		SccProjectName2 = Venom.Lib
		SccLocalPath2 = Venom.Lib
		SccProjectUniqueName3 = Venom.Lego\\Venom.Lego.csproj
		SccProjectName3 = Venom.Lego
		SccLocalPath3 = Venom.Lego
	EndGlobalSection
	GlobalSection(SolutionConfigurationPlatforms) = preSolution
		Debug|Any CPU = Debug|Any CPU
		Release|Any CPU = Release|Any CPU
	EndGlobalSection
	GlobalSection(ProjectConfigurationPlatforms) = postSolution
		{A0FCD047-7F5D-46FC-8B0D-F0FC782BEE7B}.Debug|Any CPU.ActiveCfg = Debug|Any CPU
		{A0FCD047-7F5D-46FC-8B0D-F0FC782BEE7B}.Debug|Any CPU.Build.0 = Debug|Any CPU
		{A0FCD047-7F5D-46FC-8B0D-F0FC782BEE7B}.Release|Any CPU.ActiveCfg = Release|Any CPU
		{A0FCD047-7F5D-46FC-8B0D-F0FC782BEE7B}.Release|Any CPU.Build.0 = Release|Any CPU
		{596C1645-A578-40D7-A354-921FC091D1DD}.Debug|Any CPU.ActiveCfg = Debug|Any CPU
		{596C1645-A578-40D7-A354-921FC091D1DD}.Debug|Any CPU.Build.0 = Debug|Any CPU
		{596C1645-A578-40D7-A354-921FC091D1DD}.Release|Any CPU.ActiveCfg = Release|Any CPU
		{596C1645-A578-40D7-A354-921FC091D1DD}.Release|Any CPU.Build.0 = Release|Any CPU
		{4821066B-554E-4D7A-9350-7AC986CFC0BA}.Debug|Any CPU.ActiveCfg = Debug|Any CPU
		{4821066B-554E-4D7A-9350-7AC986CFC0BA}.Debug|Any CPU.Build.0 = Debug|Any CPU
		{4821066B-554E-4D7A-9350-7AC986CFC0BA}.Release|Any CPU.ActiveCfg = Release|Any CPU
		{4821066B-554E-4D7A-9350-7AC986CFC0BA}.Release|Any CPU.Build.0 = Release|Any CPU
	EndGlobalSection
	GlobalSection(SolutionProperties) = preSolution
		HideSolutionNode = FALSE
	EndGlobalSection
EndGlobal
